{
  "name": "dedesktop",
  "version": "1.0.0",
  "lockfileVersion": 2,
  "requires": true,
  "packages": {
    "": {
      "name": "dedesktop",
      "version": "1.0.0",
      "dependencies": {
        "@inrupt/solid-ui-react": "^2.7.0"
      }
    },
    "node_modules/@digitalbazaar/http-client": {
      "version": "1.2.0",
      "license": "BSD-3-Clause",
      "dependencies": {
        "esm": "^3.2.22",
        "ky": "^0.25.1",
        "ky-universal": "^0.8.2"
      },
      "engines": {
        "node": ">=10.0.0"
      }
    },
    "node_modules/@inrupt/oidc-client": {
      "version": "1.11.6",
      "resolved": "https://registry.npmjs.org/@inrupt/oidc-client/-/oidc-client-1.11.6.tgz",
      "integrity": "sha512-1rCTk1T6pdm/7gKozutZutk7jwmYBADlnkGGoI5ypke099NOCa5KFXjkQpbjsps0PRkKZ+0EaR70XN5+xqmViA==",
      "dependencies": {
        "acorn": "^7.4.1",
        "base64-js": "^1.5.1",
        "core-js": "^3.8.3",
        "crypto-js": "^4.0.0",
        "serialize-javascript": "^4.0.0"
      }
    },
    "node_modules/@inrupt/oidc-client-ext": {
      "version": "1.11.7",
      "resolved": "https://registry.npmjs.org/@inrupt/oidc-client-ext/-/oidc-client-ext-1.11.7.tgz",
      "integrity": "sha512-jSl8NWmZPz9/FW5YHS7EQ9RroT4+Tbo/GRkTU08eW+q9TDscDBE0WFnGndDPFlbGx00Clyq0hVyRYoljPgs7yw==",
      "dependencies": {
        "@inrupt/oidc-client": "^1.11.6",
        "@inrupt/solid-client-authn-core": "^1.11.7",
        "@types/jest": "^27.0.3",
        "@types/uuid": "^8.3.0",
        "form-urlencoded": "~6.0.3",
        "jose": "^4.3.7",
        "uuid": "^8.3.1"
      }
    },
    "node_modules/@inrupt/oidc-client/node_modules/acorn": {
      "version": "7.4.1",
      "resolved": "https://registry.npmjs.org/acorn/-/acorn-7.4.1.tgz",
      "integrity": "sha512-nQyp0o1/mNdbTO1PO6kHkwSrmgZ0MT/jCCpNiwbUjGoRN4dlBhqJtoQuCnEOKzgTVwg0ZWiCoQy6SxMebQVh8A==",
      "bin": {
        "acorn": "bin/acorn"
      },
      "engines": {
        "node": ">=0.4.0"
      }
    },
    "node_modules/@inrupt/oidc-client/node_modules/core-js": {
      "version": "3.22.3",
      "resolved": "https://registry.npmjs.org/core-js/-/core-js-3.22.3.tgz",
      "integrity": "sha512-1t+2a/d2lppW1gkLXx3pKPVGbBdxXAkqztvWb1EJ8oF8O2gIGiytzflNiFEehYwVK/t2ryUsGBoOFFvNx95mbg==",
      "hasInstallScript": true,
      "funding": {
        "type": "opencollective",
        "url": "https://opencollective.com/core-js"
      }
    },
    "node_modules/@inrupt/solid-client": {
      "version": "1.21.0",
      "license": "MIT",
      "dependencies": {
        "@rdfjs/dataset": "^1.1.0",
        "@rdfjs/types": "^1.1.0",
        "@types/n3": "^1.10.0",
        "@types/rdfjs__dataset": "^1.0.4",
        "cross-fetch": "^3.0.4",
        "http-link-header": "^1.0.2",
        "jsonld": "^5.2.0",
        "n3": "^1.10.0"
      }
    },
    "node_modules/@inrupt/solid-client-authn-browser": {
      "version": "1.11.7",
      "resolved": "https://registry.npmjs.org/@inrupt/solid-client-authn-browser/-/solid-client-authn-browser-1.11.7.tgz",
      "integrity": "sha512-3DHo+j0jh6aseoFw3LtUXfDqs4lL6JHxRNdcw8Tja2oZanYVRnJKkILc5pGq1pS2EmQe/SvF559wNZFTVbz8bw==",
      "dependencies": {
        "@inrupt/oidc-client-ext": "^1.11.7",
        "@inrupt/solid-client-authn-core": "^1.11.7",
        "@types/lodash.clonedeep": "^4.5.6",
        "@types/node": "^17.0.2",
        "@types/uuid": "^8.3.0",
        "events": "^3.3.0",
        "jose": "^4.3.7",
        "lodash.clonedeep": "^4.5.0",
        "uuid": "^8.3.1"
      }
    },
    "node_modules/@inrupt/solid-client-authn-core": {
      "version": "1.11.7",
      "resolved": "https://registry.npmjs.org/@inrupt/solid-client-authn-core/-/solid-client-authn-core-1.11.7.tgz",
      "integrity": "sha512-PjrZ13tmFkamro/+JzE3jURmL7vwzHYUIq81pvn6kTYBa9C/2eHwnZbOZD2T1OplBSddKr9sJshISJJTQc5s6w==",
      "dependencies": {
        "@inrupt/solid-common-vocab": "^1.0.0",
        "@types/lodash.clonedeep": "^4.5.6",
        "@types/uuid": "^8.3.0",
        "cross-fetch": "^3.0.6",
        "events": "^3.3.0",
        "jose": "^4.3.7",
        "lodash.clonedeep": "^4.5.0",
        "uuid": "^8.3.1"
      }
    },
    "node_modules/@inrupt/solid-common-vocab": {
      "version": "1.0.0",
      "resolved": "https://registry.npmjs.org/@inrupt/solid-common-vocab/-/solid-common-vocab-1.0.0.tgz",
      "integrity": "sha512-LcImhJqqPsNl/OlULzEEK2rYevty0eh1zaOLVz3lnydEU1DQkeaJ8fKBxKdp5/QjCtnIYcaDjh5U11PGh29Dgg=="
    },
    "node_modules/@inrupt/solid-ui-react": {
      "version": "2.7.0",
      "resolved": "https://registry.npmjs.org/@inrupt/solid-ui-react/-/solid-ui-react-2.7.0.tgz",
      "integrity": "sha512-67gGDR+5cxFPWqckhHlewPdCjquYReQTEJnj73iuEhEhJryVuZdEKUcM7wPWlt1GbJwUjAWdorkZpFieSE8GtQ==",
      "dependencies": {
        "@inrupt/solid-client": "^1.16.1",
        "@inrupt/solid-client-authn-browser": "^1.11.2",
        "core-js": "^3.18.3",
        "react-table": "^7.6.3",
        "stream": "0.0.2",
        "swr": "^0.5.7"
      },
      "peerDependencies": {
        "react": ">16.13.0 || ^17.0.2"
      }
    },
    "node_modules/@inrupt/solid-ui-react/node_modules/core-js": {
      "version": "3.22.3",
      "resolved": "https://registry.npmjs.org/core-js/-/core-js-3.22.3.tgz",
      "integrity": "sha512-1t+2a/d2lppW1gkLXx3pKPVGbBdxXAkqztvWb1EJ8oF8O2gIGiytzflNiFEehYwVK/t2ryUsGBoOFFvNx95mbg==",
      "hasInstallScript": true,
      "funding": {
        "type": "opencollective",
        "url": "https://opencollective.com/core-js"
      }
    },
    "node_modules/@rdfjs/data-model": {
      "version": "1.3.4",
      "license": "MIT",
      "dependencies": {
        "@rdfjs/types": ">=1.0.1"
      },
      "bin": {
        "rdfjs-data-model-test": "bin/test.js"
      }
    },
    "node_modules/@rdfjs/dataset": {
      "version": "1.1.1",
      "license": "MIT",
      "dependencies": {
        "@rdfjs/data-model": "^1.2.0"
      },
      "bin": {
        "rdfjs-dataset-test": "bin/test.js"
      }
    },
    "node_modules/@rdfjs/types": {
      "version": "1.1.0",
      "license": "MIT",
      "dependencies": {
        "@types/node": "*"
      }
    },
    "node_modules/@types/jest": {
      "version": "27.4.1",
      "resolved": "https://registry.npmjs.org/@types/jest/-/jest-27.4.1.tgz",
      "integrity": "sha512-23iPJADSmicDVrWk+HT58LMJtzLAnB2AgIzplQuq/bSrGaxCrlvRFjGbXmamnnk/mAmCdLStiGqggu28ocUyiw==",
      "dependencies": {
        "jest-matcher-utils": "^27.0.0",
        "pretty-format": "^27.0.0"
      }
    },
    "node_modules/@types/lodash": {
      "version": "4.14.182",
      "resolved": "https://registry.npmjs.org/@types/lodash/-/lodash-4.14.182.tgz",
      "integrity": "sha512-/THyiqyQAP9AfARo4pF+aCGcyiQ94tX/Is2I7HofNRqoYLgN1PBoOWu2/zTA5zMxzP5EFutMtWtGAFRKUe961Q=="
    },
    "node_modules/@types/lodash.clonedeep": {
      "version": "4.5.7",
      "resolved": "https://registry.npmjs.org/@types/lodash.clonedeep/-/lodash.clonedeep-4.5.7.tgz",
      "integrity": "sha512-ccNqkPptFIXrpVqUECi60/DFxjNKsfoQxSQsgcBJCX/fuX1wgyQieojkcWH/KpE3xzLoWN/2k+ZeGqIN3paSvw==",
      "dependencies": {
        "@types/lodash": "*"
      }
    },
    "node_modules/@types/n3": {
      "version": "1.10.4",
      "license": "MIT",
      "dependencies": {
        "@types/node": "*",
        "rdf-js": "^4.0.2"
      }
    },
    "node_modules/@types/node": {
      "version": "17.0.23",
      "license": "MIT"
    },
    "node_modules/@types/rdfjs__dataset": {
      "version": "1.0.5",
      "license": "MIT",
      "dependencies": {
        "rdf-js": "^4.0.2"
      }
    },
    "node_modules/@types/uuid": {
      "version": "8.3.4",
      "resolved": "https://registry.npmjs.org/@types/uuid/-/uuid-8.3.4.tgz",
      "integrity": "sha512-c/I8ZRb51j+pYGAu5CrFMRxqZ2ke4y2grEBO5AUjgSkSk+qT2Ea+OdWElz/OiMf5MNpn2b17kuVBwZLQJXzihw=="
    },
    "node_modules/abort-controller": {
      "version": "3.0.0",
      "license": "MIT",
      "dependencies": {
        "event-target-shim": "^5.0.0"
      },
      "engines": {
        "node": ">=6.5"
      }
    },
    "node_modules/ansi-regex": {
      "version": "5.0.1",
      "resolved": "https://registry.npmjs.org/ansi-regex/-/ansi-regex-5.0.1.tgz",
      "integrity": "sha512-quJQXlTSUGL2LH9SUXo8VwsY4soanhgo6LNSm84E1LBcE8s3O0wpdiRzyR9z/ZZJMlMWv37qOOb9pdJlMUEKFQ==",
      "engines": {
        "node": ">=8"
      }
    },
    "node_modules/ansi-styles": {
      "version": "4.3.0",
      "resolved": "https://registry.npmjs.org/ansi-styles/-/ansi-styles-4.3.0.tgz",
      "integrity": "sha512-zbB9rCJAT1rbjiVDb2hqKFHNYLxgtk8NURxZ3IZwD3F6NtxbXZQCnnSi1Lkx+IDohdPlFp222wVALIheZJQSEg==",
      "dependencies": {
        "color-convert": "^2.0.1"
      },
      "engines": {
        "node": ">=8"
      },
      "funding": {
        "url": "https://github.com/chalk/ansi-styles?sponsor=1"
      }
    },
    "node_modules/base64-js": {
      "version": "1.5.1",
      "resolved": "https://registry.npmjs.org/base64-js/-/base64-js-1.5.1.tgz",
      "integrity": "sha512-AKpaYlHn8t4SVbOHCy+b5+KKgvR4vrsD8vbvrbiQJps7fKDTkjkDry6ji0rUJjC0kzbNePLwzxq8iypo41qeWA==",
      "funding": [
        {
          "type": "github",
          "url": "https://github.com/sponsors/feross"
        },
        {
          "type": "patreon",
          "url": "https://www.patreon.com/feross"
        },
        {
          "type": "consulting",
          "url": "https://feross.org/support"
        }
      ]
    },
    "node_modules/canonicalize": {
      "version": "1.0.8",
      "license": "Apache-2.0"
    },
    "node_modules/chalk": {
      "version": "4.1.2",
      "resolved": "https://registry.npmjs.org/chalk/-/chalk-4.1.2.tgz",
      "integrity": "sha512-oKnbhFyRIXpUuez8iBMmyEa4nbj4IOQyuhc/wy9kY7/WVPcwIO9VA668Pu8RkO7+0G76SLROeyw9CpQ061i4mA==",
      "dependencies": {
        "ansi-styles": "^4.1.0",
        "supports-color": "^7.1.0"
      },
      "engines": {
        "node": ">=10"
      },
      "funding": {
        "url": "https://github.com/chalk/chalk?sponsor=1"
      }
    },
    "node_modules/color-convert": {
      "version": "2.0.1",
      "resolved": "https://registry.npmjs.org/color-convert/-/color-convert-2.0.1.tgz",
      "integrity": "sha512-RRECPsj7iu/xb5oKYcsFHSppFNnsj/52OVTRKb4zP5onXwVF3zVmmToNcOfGC+CRDpfK/U584fMg38ZHCaElKQ==",
      "dependencies": {
        "color-name": "~1.1.4"
      },
      "engines": {
        "node": ">=7.0.0"
      }
    },
    "node_modules/color-name": {
      "version": "1.1.4",
      "resolved": "https://registry.npmjs.org/color-name/-/color-name-1.1.4.tgz",
      "integrity": "sha512-dOy+3AuW3a2wNbZHIuMZpTcgjGuLU/uBL/ubcZF9OXbDo8ff4O8yVp5Bf0efS8uEoYo5q4Fx7dY9OgQGXgAsQA=="
    },
    "node_modules/cross-fetch": {
      "version": "3.1.5",
      "license": "MIT",
      "dependencies": {
        "node-fetch": "2.6.7"
      }
    },
    "node_modules/crypto-js": {
      "version": "4.1.1",
      "resolved": "https://registry.npmjs.org/crypto-js/-/crypto-js-4.1.1.tgz",
      "integrity": "sha512-o2JlM7ydqd3Qk9CA0L4NL6mTzU2sdx96a+oOfPu8Mkl/PK51vSyoi8/rQ8NknZtk44vq15lmhAj9CIAGwgeWKw=="
    },
    "node_modules/data-uri-to-buffer": {
      "version": "3.0.1",
      "license": "MIT",
      "engines": {
        "node": ">= 6"
      }
    },
    "node_modules/dequal": {
      "version": "2.0.2",
      "resolved": "https://registry.npmjs.org/dequal/-/dequal-2.0.2.tgz",
      "integrity": "sha512-q9K8BlJVxK7hQYqa6XISGmBZbtQQWVXSrRrWreHC94rMt1QL/Impruc+7p2CYSYuVIUr+YCt6hjrs1kkdJRTug==",
      "engines": {
        "node": ">=6"
      }
    },
    "node_modules/diff-sequences": {
      "version": "27.5.1",
      "resolved": "https://registry.npmjs.org/diff-sequences/-/diff-sequences-27.5.1.tgz",
      "integrity": "sha512-k1gCAXAsNgLwEL+Y8Wvl+M6oEFj5bgazfZULpS5CneoPPXRaCCW7dm+q21Ky2VEE5X+VeRDBVg1Pcvvsr4TtNQ==",
      "engines": {
        "node": "^10.13.0 || ^12.13.0 || ^14.15.0 || >=15.0.0"
      }
    },
    "node_modules/emitter-component": {
      "version": "1.1.1",
      "resolved": "https://registry.npmjs.org/emitter-component/-/emitter-component-1.1.1.tgz",
      "integrity": "sha1-Bl4tvtaVm/RwZ57avq95gdEAOrY="
    },
    "node_modules/esm": {
      "version": "3.2.25",
      "license": "MIT",
      "engines": {
        "node": ">=6"
      }
    },
    "node_modules/event-target-shim": {
      "version": "5.0.1",
      "license": "MIT",
      "engines": {
        "node": ">=6"
      }
    },
    "node_modules/events": {
      "version": "3.3.0",
      "resolved": "https://registry.npmjs.org/events/-/events-3.3.0.tgz",
      "integrity": "sha512-mQw+2fkQbALzQ7V0MY0IqdnXNOeTtP4r0lN9z7AAawCXgqea7bDii20AYrIBrFd/Hx0M2Ocz6S111CaFkUcb0Q==",
      "engines": {
        "node": ">=0.8.x"
      }
    },
    "node_modules/fetch-blob": {
      "version": "2.1.2",
      "license": "MIT",
      "engines": {
        "node": "^10.17.0 || >=12.3.0"
      },
      "peerDependenciesMeta": {
        "domexception": {
          "optional": true
        }
      }
    },
    "node_modules/form-urlencoded": {
      "version": "6.0.6",
      "resolved": "https://registry.npmjs.org/form-urlencoded/-/form-urlencoded-6.0.6.tgz",
      "integrity": "sha512-5n3L86l3uVJLFk8w+HTcuaV8WrEeH9pPqJcICxAbs3oW/gsKg9kJ8XVPZ3I1PJR50ld2fQjstT94p4G90JDMAg=="
    },
    "node_modules/has-flag": {
      "version": "4.0.0",
      "resolved": "https://registry.npmjs.org/has-flag/-/has-flag-4.0.0.tgz",
      "integrity": "sha512-EykJT/Q1KjTWctppgIAgfSO0tKVuZUjhgMr17kqTumMl6Afv3EISleU7qZUzoXDFTAHTDC4NOoG/ZxU3EvlMPQ==",
      "engines": {
        "node": ">=8"
      }
    },
    "node_modules/http-link-header": {
      "version": "1.0.4",
      "license": "MIT",
      "engines": {
        "node": ">=6.0.0"
      }
    },
    "node_modules/inherits": {
      "version": "2.0.4",
      "license": "ISC"
    },
    "node_modules/jest-diff": {
      "version": "27.5.1",
      "resolved": "https://registry.npmjs.org/jest-diff/-/jest-diff-27.5.1.tgz",
      "integrity": "sha512-m0NvkX55LDt9T4mctTEgnZk3fmEg3NRYutvMPWM/0iPnkFj2wIeF45O1718cMSOFO1vINkqmxqD8vE37uTEbqw==",
      "dependencies": {
        "chalk": "^4.0.0",
        "diff-sequences": "^27.5.1",
        "jest-get-type": "^27.5.1",
        "pretty-format": "^27.5.1"
      },
      "engines": {
        "node": "^10.13.0 || ^12.13.0 || ^14.15.0 || >=15.0.0"
      }
    },
    "node_modules/jest-get-type": {
      "version": "27.5.1",
      "resolved": "https://registry.npmjs.org/jest-get-type/-/jest-get-type-27.5.1.tgz",
      "integrity": "sha512-2KY95ksYSaK7DMBWQn6dQz3kqAf3BB64y2udeG+hv4KfSOb9qwcYQstTJc1KCbsix+wLZWZYN8t7nwX3GOBLRw==",
      "engines": {
        "node": "^10.13.0 || ^12.13.0 || ^14.15.0 || >=15.0.0"
      }
    },
    "node_modules/jest-matcher-utils": {
      "version": "27.5.1",
      "resolved": "https://registry.npmjs.org/jest-matcher-utils/-/jest-matcher-utils-27.5.1.tgz",
      "integrity": "sha512-z2uTx/T6LBaCoNWNFWwChLBKYxTMcGBRjAt+2SbP929/Fflb9aa5LGma654Rz8z9HLxsrUaYzxE9T/EFIL/PAw==",
      "dependencies": {
        "chalk": "^4.0.0",
        "jest-diff": "^27.5.1",
        "jest-get-type": "^27.5.1",
        "pretty-format": "^27.5.1"
      },
      "engines": {
        "node": "^10.13.0 || ^12.13.0 || ^14.15.0 || >=15.0.0"
      }
    },
    "node_modules/jose": {
      "version": "4.8.0",
      "resolved": "https://registry.npmjs.org/jose/-/jose-4.8.0.tgz",
      "integrity": "sha512-XmcX4PdqRlfDCSn9UPAvGoVylQxuJxtCZNlX4U0KgmOSHUvxYCalgnU/JNdNJQ20mGth3+xrPSkFj9rxS9tYWQ==",
      "funding": {
        "url": "https://github.com/sponsors/panva"
      }
    },
    "node_modules/js-tokens": {
      "version": "4.0.0",
      "resolved": "https://registry.npmjs.org/js-tokens/-/js-tokens-4.0.0.tgz",
      "integrity": "sha512-RdJUflcE3cUzKiMqQgsCu06FPu9UdIJO0beYbPhHN4k6apgJtifcoCtT9bcxOpYBtpD2kCM6Sbzg4CausW/PKQ==",
      "peer": true
    },
    "node_modules/jsonld": {
      "version": "5.2.0",
      "license": "BSD-3-Clause",
      "dependencies": {
        "@digitalbazaar/http-client": "^1.1.0",
        "canonicalize": "^1.0.1",
        "lru-cache": "^6.0.0",
        "rdf-canonize": "^3.0.0"
      },
      "engines": {
        "node": ">=12"
      }
    },
    "node_modules/jsonld/node_modules/lru-cache": {
      "version": "6.0.0",
      "license": "ISC",
      "dependencies": {
        "yallist": "^4.0.0"
      },
      "engines": {
        "node": ">=10"
      }
    },
    "node_modules/jsonld/node_modules/yallist": {
      "version": "4.0.0",
      "license": "ISC"
    },
    "node_modules/ky": {
      "version": "0.25.1",
      "license": "MIT",
      "engines": {
        "node": ">=10"
      },
      "funding": {
        "url": "https://github.com/sindresorhus/ky?sponsor=1"
      }
    },
    "node_modules/ky-universal": {
      "version": "0.8.2",
      "license": "MIT",
      "dependencies": {
        "abort-controller": "^3.0.0",
        "node-fetch": "3.0.0-beta.9"
      },
      "engines": {
        "node": ">=10.17"
      },
      "funding": {
        "url": "https://github.com/sindresorhus/ky-universal?sponsor=1"
      },
      "peerDependencies": {
        "ky": ">=0.17.0",
        "web-streams-polyfill": ">=2.0.0"
      },
      "peerDependenciesMeta": {
        "web-streams-polyfill": {
          "optional": true
        }
      }
    },
    "node_modules/ky-universal/node_modules/node-fetch": {
      "version": "3.0.0-beta.9",
      "license": "MIT",
      "dependencies": {
        "data-uri-to-buffer": "^3.0.1",
        "fetch-blob": "^2.1.1"
      },
      "engines": {
        "node": "^10.17 || >=12.3"
      },
      "funding": {
        "type": "opencollective",
        "url": "https://opencollective.com/node-fetch"
      }
    },
    "node_modules/lodash.clonedeep": {
      "version": "4.5.0",
      "resolved": "https://registry.npmjs.org/lodash.clonedeep/-/lodash.clonedeep-4.5.0.tgz",
      "integrity": "sha1-4j8/nE+Pvd6HJSnBBxhXoIblzO8="
    },
    "node_modules/loose-envify": {
      "version": "1.4.0",
      "resolved": "https://registry.npmjs.org/loose-envify/-/loose-envify-1.4.0.tgz",
      "integrity": "sha512-lyuxPGr/Wfhrlem2CL/UcnUc1zcqKAImBDzukY7Y5F/yQiNdko6+fRLevlw1HgMySw7f611UIY408EtxRSoK3Q==",
      "peer": true,
      "dependencies": {
        "js-tokens": "^3.0.0 || ^4.0.0"
      },
      "bin": {
        "loose-envify": "cli.js"
      }
    },
    "node_modules/n3": {
      "version": "1.16.0",
      "license": "MIT",
      "dependencies": {
        "queue-microtask": "^1.1.2",
        "readable-stream": "^3.6.0"
      },
      "engines": {
        "node": ">=8.0"
      }
    },
    "node_modules/n3/node_modules/readable-stream": {
      "version": "3.6.0",
      "license": "MIT",
      "dependencies": {
        "inherits": "^2.0.3",
        "string_decoder": "^1.1.1",
        "util-deprecate": "^1.0.1"
      },
      "engines": {
        "node": ">= 6"
      }
    },
    "node_modules/n3/node_modules/string_decoder": {
      "version": "1.3.0",
      "license": "MIT",
      "dependencies": {
        "safe-buffer": "~5.2.0"
      }
    },
    "node_modules/node-fetch": {
      "version": "2.6.7",
      "license": "MIT",
      "dependencies": {
        "whatwg-url": "^5.0.0"
      },
      "engines": {
        "node": "4.x || >=6.0.0"
      },
      "peerDependencies": {
        "encoding": "^0.1.0"
      },
      "peerDependenciesMeta": {
        "encoding": {
          "optional": true
        }
      }
    },
    "node_modules/object-assign": {
      "version": "4.1.1",
      "resolved": "https://registry.npmjs.org/object-assign/-/object-assign-4.1.1.tgz",
      "integrity": "sha1-IQmtx5ZYh8/AXLvUQsrIv7s2CGM=",
      "peer": true,
      "engines": {
        "node": ">=0.10.0"
      }
    },
    "node_modules/pretty-format": {
      "version": "27.5.1",
      "resolved": "https://registry.npmjs.org/pretty-format/-/pretty-format-27.5.1.tgz",
      "integrity": "sha512-Qb1gy5OrP5+zDf2Bvnzdl3jsTf1qXVMazbvCoKhtKqVs4/YK4ozX4gKQJJVyNe+cajNPn0KoC0MC3FUmaHWEmQ==",
      "dependencies": {
        "ansi-regex": "^5.0.1",
        "ansi-styles": "^5.0.0",
        "react-is": "^17.0.1"
      },
      "engines": {
        "node": "^10.13.0 || ^12.13.0 || ^14.15.0 || >=15.0.0"
      }
    },
    "node_modules/pretty-format/node_modules/ansi-styles": {
      "version": "5.2.0",
      "resolved": "https://registry.npmjs.org/ansi-styles/-/ansi-styles-5.2.0.tgz",
      "integrity": "sha512-Cxwpt2SfTzTtXcfOlzGEee8O+c+MmUgGrNiBcXnuWxuFJHe6a5Hz7qwhwe5OgaSYI0IJvkLqWX1ASG+cJOkEiA==",
      "engines": {
        "node": ">=10"
      },
      "funding": {
        "url": "https://github.com/chalk/ansi-styles?sponsor=1"
      }
    },
    "node_modules/queue-microtask": {
      "version": "1.2.3",
      "funding": [
        {
          "type": "github",
          "url": "https://github.com/sponsors/feross"
        },
        {
          "type": "patreon",
          "url": "https://www.patreon.com/feross"
        },
        {
          "type": "consulting",
          "url": "https://feross.org/support"
        }
      ],
      "license": "MIT"
    },
    "node_modules/randombytes": {
      "version": "2.1.0",
      "resolved": "https://registry.npmjs.org/randombytes/-/randombytes-2.1.0.tgz",
      "integrity": "sha512-vYl3iOX+4CKUWuxGi9Ukhie6fsqXqS9FE2Zaic4tNFD2N2QQaXOMFbuKK4QmDHC0JO6B1Zp41J0LpT0oR68amQ==",
      "dependencies": {
        "safe-buffer": "^5.1.0"
      }
    },
    "node_modules/rdf-canonize": {
      "version": "3.0.0",
      "license": "BSD-3-Clause",
      "dependencies": {
        "setimmediate": "^1.0.5"
      },
      "engines": {
        "node": ">=12"
      }
    },
    "node_modules/rdf-js": {
      "version": "4.0.2",
      "license": "MIT",
      "dependencies": {
        "@rdfjs/types": "*"
      }
    },
    "node_modules/react": {
      "version": "17.0.2",
      "resolved": "https://registry.npmjs.org/react/-/react-17.0.2.tgz",
      "integrity": "sha512-gnhPt75i/dq/z3/6q/0asP78D0u592D5L1pd7M8P+dck6Fu/jJeL6iVVK23fptSUZj8Vjf++7wXA8UNclGQcbA==",
      "peer": true,
      "dependencies": {
        "loose-envify": "^1.1.0",
        "object-assign": "^4.1.1"
      },
      "engines": {
        "node": ">=0.10.0"
      }
    },
    "node_modules/react-is": {
      "version": "17.0.2",
      "resolved": "https://registry.npmjs.org/react-is/-/react-is-17.0.2.tgz",
      "integrity": "sha512-w2GsyukL62IJnlaff/nRegPQR94C/XXamvMWmSHRJ4y7Ts/4ocGRmTHvOs8PSE6pB3dWOrD/nueuU5sduBsQ4w=="
    },
    "node_modules/react-table": {
      "version": "7.7.0",
      "resolved": "https://registry.npmjs.org/react-table/-/react-table-7.7.0.tgz",
      "integrity": "sha512-jBlj70iBwOTvvImsU9t01LjFjy4sXEtclBovl3mTiqjz23Reu0DKnRza4zlLtOPACx6j2/7MrQIthIK1Wi+LIA==",
      "funding": {
        "type": "github",
        "url": "https://github.com/sponsors/tannerlinsley"
      },
      "peerDependencies": {
        "react": "^16.8.3 || ^17.0.0-0"
      }
    },
    "node_modules/safe-buffer": {
      "version": "5.2.1",
      "funding": [
        {
          "type": "github",
          "url": "https://github.com/sponsors/feross"
        },
        {
          "type": "patreon",
          "url": "https://www.patreon.com/feross"
        },
        {
          "type": "consulting",
          "url": "https://feross.org/support"
        }
      ],
      "license": "MIT"
    },
    "node_modules/serialize-javascript": {
      "version": "4.0.0",
      "resolved": "https://registry.npmjs.org/serialize-javascript/-/serialize-javascript-4.0.0.tgz",
      "integrity": "sha512-GaNA54380uFefWghODBWEGisLZFj00nS5ACs6yHa9nLqlLpVLO8ChDGeKRjZnV4Nh4n0Qi7nhYZD/9fCPzEqkw==",
      "dependencies": {
        "randombytes": "^2.1.0"
      }
    },
    "node_modules/setimmediate": {
      "version": "1.0.5",
      "license": "MIT"
    },
    "node_modules/stream": {
      "version": "0.0.2",
      "resolved": "https://registry.npmjs.org/stream/-/stream-0.0.2.tgz",
      "integrity": "sha1-f1Nj8Ff2WSxVlfALyAon9c7B8O8=",
      "dependencies": {
        "emitter-component": "^1.1.1"
      }
    },
    "node_modules/supports-color": {
      "version": "7.2.0",
      "resolved": "https://registry.npmjs.org/supports-color/-/supports-color-7.2.0.tgz",
      "integrity": "sha512-qpCAvRl9stuOHveKsn7HncJRvv501qIacKzQlO/+Lwxc9+0q2wLyv4Dfvt80/DPn2pqOBsJdDiogXGR9+OvwRw==",
      "dependencies": {
        "has-flag": "^4.0.0"
      },
      "engines": {
        "node": ">=8"
      }
    },
    "node_modules/swr": {
      "version": "0.5.7",
      "resolved": "https://registry.npmjs.org/swr/-/swr-0.5.7.tgz",
      "integrity": "sha512-Jh1Efgu8nWZV9rU4VLUMzBzcwaZgi4znqbVXvAtUy/0JzSiN6bNjLaJK8vhY/Rtp7a83dosz5YuehfBNwC/ZoQ==",
      "dependencies": {
        "dequal": "2.0.2"
      },
      "peerDependencies": {
        "react": "^16.11.0 || ^17.0.0"
      }
    },
    "node_modules/tr46": {
      "version": "0.0.3",
      "license": "MIT"
    },
    "node_modules/util-deprecate": {
      "version": "1.0.2",
      "license": "MIT"
    },
    "node_modules/uuid": {
      "version": "8.3.2",
      "resolved": "https://registry.npmjs.org/uuid/-/uuid-8.3.2.tgz",
      "integrity": "sha512-+NYs2QeMWy+GWFOEm9xnn6HCDp0l7QBD7ml8zLUmJ+93Q5NF0NocErnwkTkXVFNiX3/fpC6afS8Dhb/gz7R7eg==",
      "bin": {
        "uuid": "dist/bin/uuid"
      }
    },
    "node_modules/webidl-conversions": {
      "version": "3.0.1",
      "license": "BSD-2-Clause"
    },
    "node_modules/whatwg-url": {
      "version": "5.0.0",
      "license": "MIT",
      "dependencies": {
        "tr46": "~0.0.3",
        "webidl-conversions": "^3.0.0"
      }
    }
  },
  "dependencies": {
    "@digitalbazaar/http-client": {
      "version": "1.2.0",
      "requires": {
        "esm": "^3.2.22",
        "ky": "^0.25.1",
        "ky-universal": "^0.8.2"
      }
    },
    "@inrupt/oidc-client": {
      "version": "1.11.6",
      "resolved": "https://registry.npmjs.org/@inrupt/oidc-client/-/oidc-client-1.11.6.tgz",
      "integrity": "sha512-1rCTk1T6pdm/7gKozutZutk7jwmYBADlnkGGoI5ypke099NOCa5KFXjkQpbjsps0PRkKZ+0EaR70XN5+xqmViA==",
      "requires": {
        "acorn": "^7.4.1",
        "base64-js": "^1.5.1",
        "core-js": "^3.8.3",
        "crypto-js": "^4.0.0",
        "serialize-javascript": "^4.0.0"
      },
      "dependencies": {
        "acorn": {
          "version": "7.4.1",
          "resolved": "https://registry.npmjs.org/acorn/-/acorn-7.4.1.tgz",
          "integrity": "sha512-nQyp0o1/mNdbTO1PO6kHkwSrmgZ0MT/jCCpNiwbUjGoRN4dlBhqJtoQuCnEOKzgTVwg0ZWiCoQy6SxMebQVh8A=="
        },
        "core-js": {
          "version": "3.22.3",
          "resolved": "https://registry.npmjs.org/core-js/-/core-js-3.22.3.tgz",
          "integrity": "sha512-1t+2a/d2lppW1gkLXx3pKPVGbBdxXAkqztvWb1EJ8oF8O2gIGiytzflNiFEehYwVK/t2ryUsGBoOFFvNx95mbg=="
        }
      }
    },
    "@inrupt/oidc-client-ext": {
      "version": "1.11.7",
      "resolved": "https://registry.npmjs.org/@inrupt/oidc-client-ext/-/oidc-client-ext-1.11.7.tgz",
      "integrity": "sha512-jSl8NWmZPz9/FW5YHS7EQ9RroT4+Tbo/GRkTU08eW+q9TDscDBE0WFnGndDPFlbGx00Clyq0hVyRYoljPgs7yw==",
      "requires": {
        "@inrupt/oidc-client": "^1.11.6",
        "@inrupt/solid-client-authn-core": "^1.11.7",
        "@types/jest": "^27.0.3",
        "@types/uuid": "^8.3.0",
        "form-urlencoded": "~6.0.3",
        "jose": "^4.3.7",
        "uuid": "^8.3.1"
      }
    },
    "@inrupt/solid-client": {
      "version": "1.21.0",
      "requires": {
        "@rdfjs/dataset": "^1.1.0",
        "@rdfjs/types": "^1.1.0",
        "@types/n3": "^1.10.0",
        "@types/rdfjs__dataset": "^1.0.4",
        "cross-fetch": "^3.0.4",
        "http-link-header": "^1.0.2",
        "jsonld": "^5.2.0",
        "n3": "^1.10.0"
      }
    },
    "@inrupt/solid-client-authn-browser": {
      "version": "1.11.7",
      "resolved": "https://registry.npmjs.org/@inrupt/solid-client-authn-browser/-/solid-client-authn-browser-1.11.7.tgz",
      "integrity": "sha512-3DHo+j0jh6aseoFw3LtUXfDqs4lL6JHxRNdcw8Tja2oZanYVRnJKkILc5pGq1pS2EmQe/SvF559wNZFTVbz8bw==",
      "requires": {
        "@inrupt/oidc-client-ext": "^1.11.7",
        "@inrupt/solid-client-authn-core": "^1.11.7",
        "@types/lodash.clonedeep": "^4.5.6",
        "@types/node": "^17.0.2",
        "@types/uuid": "^8.3.0",
        "events": "^3.3.0",
        "jose": "^4.3.7",
        "lodash.clonedeep": "^4.5.0",
        "uuid": "^8.3.1"
      }
    },
    "@inrupt/solid-client-authn-core": {
      "version": "1.11.7",
      "resolved": "https://registry.npmjs.org/@inrupt/solid-client-authn-core/-/solid-client-authn-core-1.11.7.tgz",
      "integrity": "sha512-PjrZ13tmFkamro/+JzE3jURmL7vwzHYUIq81pvn6kTYBa9C/2eHwnZbOZD2T1OplBSddKr9sJshISJJTQc5s6w==",
      "requires": {
        "@inrupt/solid-common-vocab": "^1.0.0",
        "@types/lodash.clonedeep": "^4.5.6",
        "@types/uuid": "^8.3.0",
        "cross-fetch": "^3.0.6",
        "events": "^3.3.0",
        "jose": "^4.3.7",
        "lodash.clonedeep": "^4.5.0",
        "uuid": "^8.3.1"
      }
    },
    "@inrupt/solid-common-vocab": {
      "version": "1.0.0",
      "resolved": "https://registry.npmjs.org/@inrupt/solid-common-vocab/-/solid-common-vocab-1.0.0.tgz",
      "integrity": "sha512-LcImhJqqPsNl/OlULzEEK2rYevty0eh1zaOLVz3lnydEU1DQkeaJ8fKBxKdp5/QjCtnIYcaDjh5U11PGh29Dgg=="
    },
    "@inrupt/solid-ui-react": {
      "version": "2.7.0",
      "resolved": "https://registry.npmjs.org/@inrupt/solid-ui-react/-/solid-ui-react-2.7.0.tgz",
      "integrity": "sha512-67gGDR+5cxFPWqckhHlewPdCjquYReQTEJnj73iuEhEhJryVuZdEKUcM7wPWlt1GbJwUjAWdorkZpFieSE8GtQ==",
      "requires": {
        "@inrupt/solid-client": "^1.16.1",
        "@inrupt/solid-client-authn-browser": "^1.11.2",
        "core-js": "^3.18.3",
        "react-table": "^7.6.3",
        "stream": "0.0.2",
        "swr": "^0.5.7"
      },
      "dependencies": {
        "core-js": {
          "version": "3.22.3",
          "resolved": "https://registry.npmjs.org/core-js/-/core-js-3.22.3.tgz",
          "integrity": "sha512-1t+2a/d2lppW1gkLXx3pKPVGbBdxXAkqztvWb1EJ8oF8O2gIGiytzflNiFEehYwVK/t2ryUsGBoOFFvNx95mbg=="
        }
      }
    },
    "@rdfjs/data-model": {
      "version": "1.3.4",
      "requires": {
        "@rdfjs/types": ">=1.0.1"
      }
    },
    "@rdfjs/dataset": {
      "version": "1.1.1",
      "requires": {
        "@rdfjs/data-model": "^1.2.0"
      }
    },
    "@rdfjs/types": {
      "version": "1.1.0",
      "requires": {
        "@types/node": "*"
      }
    },
    "@types/jest": {
      "version": "27.4.1",
      "resolved": "https://registry.npmjs.org/@types/jest/-/jest-27.4.1.tgz",
      "integrity": "sha512-23iPJADSmicDVrWk+HT58LMJtzLAnB2AgIzplQuq/bSrGaxCrlvRFjGbXmamnnk/mAmCdLStiGqggu28ocUyiw==",
      "requires": {
        "jest-matcher-utils": "^27.0.0",
        "pretty-format": "^27.0.0"
      }
    },
    "@types/lodash": {
      "version": "4.14.182",
      "resolved": "https://registry.npmjs.org/@types/lodash/-/lodash-4.14.182.tgz",
      "integrity": "sha512-/THyiqyQAP9AfARo4pF+aCGcyiQ94tX/Is2I7HofNRqoYLgN1PBoOWu2/zTA5zMxzP5EFutMtWtGAFRKUe961Q=="
    },
    "@types/lodash.clonedeep": {
      "version": "4.5.7",
      "resolved": "https://registry.npmjs.org/@types/lodash.clonedeep/-/lodash.clonedeep-4.5.7.tgz",
      "integrity": "sha512-ccNqkPptFIXrpVqUECi60/DFxjNKsfoQxSQsgcBJCX/fuX1wgyQieojkcWH/KpE3xzLoWN/2k+ZeGqIN3paSvw==",
      "requires": {
        "@types/lodash": "*"
      }
    },
    "@types/n3": {
      "version": "1.10.4",
      "requires": {
        "@types/node": "*",
        "rdf-js": "^4.0.2"
      }
    },
    "@types/node": {
      "version": "17.0.23"
    },
    "@types/rdfjs__dataset": {
      "version": "1.0.5",
      "requires": {
        "rdf-js": "^4.0.2"
      }
    },
    "@types/uuid": {
      "version": "8.3.4",
      "resolved": "https://registry.npmjs.org/@types/uuid/-/uuid-8.3.4.tgz",
      "integrity": "sha512-c/I8ZRb51j+pYGAu5CrFMRxqZ2ke4y2grEBO5AUjgSkSk+qT2Ea+OdWElz/OiMf5MNpn2b17kuVBwZLQJXzihw=="
    },
    "abort-controller": {
      "version": "3.0.0",
      "requires": {
        "event-target-shim": "^5.0.0"
      }
    },
    "ansi-regex": {
      "version": "5.0.1",
      "resolved": "https://registry.npmjs.org/ansi-regex/-/ansi-regex-5.0.1.tgz",
      "integrity": "sha512-quJQXlTSUGL2LH9SUXo8VwsY4soanhgo6LNSm84E1LBcE8s3O0wpdiRzyR9z/ZZJMlMWv37qOOb9pdJlMUEKFQ=="
    },
    "ansi-styles": {
      "version": "4.3.0",
      "resolved": "https://registry.npmjs.org/ansi-styles/-/ansi-styles-4.3.0.tgz",
      "integrity": "sha512-zbB9rCJAT1rbjiVDb2hqKFHNYLxgtk8NURxZ3IZwD3F6NtxbXZQCnnSi1Lkx+IDohdPlFp222wVALIheZJQSEg==",
      "requires": {
        "color-convert": "^2.0.1"
      }
    },
    "base64-js": {
      "version": "1.5.1",
      "resolved": "https://registry.npmjs.org/base64-js/-/base64-js-1.5.1.tgz",
      "integrity": "sha512-AKpaYlHn8t4SVbOHCy+b5+KKgvR4vrsD8vbvrbiQJps7fKDTkjkDry6ji0rUJjC0kzbNePLwzxq8iypo41qeWA=="
    },
    "canonicalize": {
      "version": "1.0.8"
    },
    "chalk": {
      "version": "4.1.2",
      "resolved": "https://registry.npmjs.org/chalk/-/chalk-4.1.2.tgz",
      "integrity": "sha512-oKnbhFyRIXpUuez8iBMmyEa4nbj4IOQyuhc/wy9kY7/WVPcwIO9VA668Pu8RkO7+0G76SLROeyw9CpQ061i4mA==",
      "requires": {
        "ansi-styles": "^4.1.0",
        "supports-color": "^7.1.0"
      }
    },
    "color-convert": {
      "version": "2.0.1",
      "resolved": "https://registry.npmjs.org/color-convert/-/color-convert-2.0.1.tgz",
      "integrity": "sha512-RRECPsj7iu/xb5oKYcsFHSppFNnsj/52OVTRKb4zP5onXwVF3zVmmToNcOfGC+CRDpfK/U584fMg38ZHCaElKQ==",
      "requires": {
        "color-name": "~1.1.4"
      }
    },
    "color-name": {
      "version": "1.1.4",
      "resolved": "https://registry.npmjs.org/color-name/-/color-name-1.1.4.tgz",
      "integrity": "sha512-dOy+3AuW3a2wNbZHIuMZpTcgjGuLU/uBL/ubcZF9OXbDo8ff4O8yVp5Bf0efS8uEoYo5q4Fx7dY9OgQGXgAsQA=="
    },
    "cross-fetch": {
      "version": "3.1.5",
      "requires": {
        "node-fetch": "2.6.7"
      }
    },
    "crypto-js": {
      "version": "4.1.1",
      "resolved": "https://registry.npmjs.org/crypto-js/-/crypto-js-4.1.1.tgz",
      "integrity": "sha512-o2JlM7ydqd3Qk9CA0L4NL6mTzU2sdx96a+oOfPu8Mkl/PK51vSyoi8/rQ8NknZtk44vq15lmhAj9CIAGwgeWKw=="
    },
    "data-uri-to-buffer": {
      "version": "3.0.1"
    },
    "dequal": {
      "version": "2.0.2",
      "resolved": "https://registry.npmjs.org/dequal/-/dequal-2.0.2.tgz",
      "integrity": "sha512-q9K8BlJVxK7hQYqa6XISGmBZbtQQWVXSrRrWreHC94rMt1QL/Impruc+7p2CYSYuVIUr+YCt6hjrs1kkdJRTug=="
    },
    "diff-sequences": {
      "version": "27.5.1",
      "resolved": "https://registry.npmjs.org/diff-sequences/-/diff-sequences-27.5.1.tgz",
      "integrity": "sha512-k1gCAXAsNgLwEL+Y8Wvl+M6oEFj5bgazfZULpS5CneoPPXRaCCW7dm+q21Ky2VEE5X+VeRDBVg1Pcvvsr4TtNQ=="
    },
    "emitter-component": {
      "version": "1.1.1",
      "resolved": "https://registry.npmjs.org/emitter-component/-/emitter-component-1.1.1.tgz",
      "integrity": "sha1-Bl4tvtaVm/RwZ57avq95gdEAOrY="
    },
    "esm": {
      "version": "3.2.25"
    },
    "event-target-shim": {
      "version": "5.0.1"
    },
    "events": {
      "version": "3.3.0",
      "resolved": "https://registry.npmjs.org/events/-/events-3.3.0.tgz",
      "integrity": "sha512-mQw+2fkQbALzQ7V0MY0IqdnXNOeTtP4r0lN9z7AAawCXgqea7bDii20AYrIBrFd/Hx0M2Ocz6S111CaFkUcb0Q=="
    },
    "fetch-blob": {
      "version": "2.1.2"
    },
    "form-urlencoded": {
      "version": "6.0.6",
      "resolved": "https://registry.npmjs.org/form-urlencoded/-/form-urlencoded-6.0.6.tgz",
      "integrity": "sha512-5n3L86l3uVJLFk8w+HTcuaV8WrEeH9pPqJcICxAbs3oW/gsKg9kJ8XVPZ3I1PJR50ld2fQjstT94p4G90JDMAg=="
    },
    "has-flag": {
      "version": "4.0.0",
      "resolved": "https://registry.npmjs.org/has-flag/-/has-flag-4.0.0.tgz",
      "integrity": "sha512-EykJT/Q1KjTWctppgIAgfSO0tKVuZUjhgMr17kqTumMl6Afv3EISleU7qZUzoXDFTAHTDC4NOoG/ZxU3EvlMPQ=="
    },
    "http-link-header": {
      "version": "1.0.4"
    },
    "inherits": {
      "version": "2.0.4"
    },
    "jest-diff": {
      "version": "27.5.1",
      "resolved": "https://registry.npmjs.org/jest-diff/-/jest-diff-27.5.1.tgz",
      "integrity": "sha512-m0NvkX55LDt9T4mctTEgnZk3fmEg3NRYutvMPWM/0iPnkFj2wIeF45O1718cMSOFO1vINkqmxqD8vE37uTEbqw==",
      "requires": {
        "chalk": "^4.0.0",
        "diff-sequences": "^27.5.1",
        "jest-get-type": "^27.5.1",
        "pretty-format": "^27.5.1"
      }
    },
    "jest-get-type": {
      "version": "27.5.1",
      "resolved": "https://registry.npmjs.org/jest-get-type/-/jest-get-type-27.5.1.tgz",
      "integrity": "sha512-2KY95ksYSaK7DMBWQn6dQz3kqAf3BB64y2udeG+hv4KfSOb9qwcYQstTJc1KCbsix+wLZWZYN8t7nwX3GOBLRw=="
    },
    "jest-matcher-utils": {
      "version": "27.5.1",
      "resolved": "https://registry.npmjs.org/jest-matcher-utils/-/jest-matcher-utils-27.5.1.tgz",
      "integrity": "sha512-z2uTx/T6LBaCoNWNFWwChLBKYxTMcGBRjAt+2SbP929/Fflb9aa5LGma654Rz8z9HLxsrUaYzxE9T/EFIL/PAw==",
      "requires": {
        "chalk": "^4.0.0",
        "jest-diff": "^27.5.1",
        "jest-get-type": "^27.5.1",
        "pretty-format": "^27.5.1"
      }
    },
    "jose": {
      "version": "4.8.0",
      "resolved": "https://registry.npmjs.org/jose/-/jose-4.8.0.tgz",
      "integrity": "sha512-XmcX4PdqRlfDCSn9UPAvGoVylQxuJxtCZNlX4U0KgmOSHUvxYCalgnU/JNdNJQ20mGth3+xrPSkFj9rxS9tYWQ=="
    },
    "js-tokens": {
      "version": "4.0.0",
      "resolved": "https://registry.npmjs.org/js-tokens/-/js-tokens-4.0.0.tgz",
      "integrity": "sha512-RdJUflcE3cUzKiMqQgsCu06FPu9UdIJO0beYbPhHN4k6apgJtifcoCtT9bcxOpYBtpD2kCM6Sbzg4CausW/PKQ==",
      "peer": true
    },
    "jsonld": {
      "version": "5.2.0",
      "requires": {
        "@digitalbazaar/http-client": "^1.1.0",
        "canonicalize": "^1.0.1",
        "lru-cache": "^6.0.0",
        "rdf-canonize": "^3.0.0"
      },
      "dependencies": {
        "lru-cache": {
          "version": "6.0.0",
          "requires": {
            "yallist": "^4.0.0"
          }
        },
        "yallist": {
          "version": "4.0.0"
        }
      }
    },
    "ky": {
      "version": "0.25.1"
    },
    "ky-universal": {
      "version": "0.8.2",
      "requires": {
        "abort-controller": "^3.0.0",
        "node-fetch": "3.0.0-beta.9"
      },
      "dependencies": {
        "node-fetch": {
          "version": "3.0.0-beta.9",
          "requires": {
            "data-uri-to-buffer": "^3.0.1",
            "fetch-blob": "^2.1.1"
          }
        }
      }
    },
    "lodash.clonedeep": {
      "version": "4.5.0",
      "resolved": "https://registry.npmjs.org/lodash.clonedeep/-/lodash.clonedeep-4.5.0.tgz",
      "integrity": "sha1-4j8/nE+Pvd6HJSnBBxhXoIblzO8="
    },
    "loose-envify": {
      "version": "1.4.0",
      "resolved": "https://registry.npmjs.org/loose-envify/-/loose-envify-1.4.0.tgz",
      "integrity": "sha512-lyuxPGr/Wfhrlem2CL/UcnUc1zcqKAImBDzukY7Y5F/yQiNdko6+fRLevlw1HgMySw7f611UIY408EtxRSoK3Q==",
      "peer": true,
      "requires": {
        "js-tokens": "^3.0.0 || ^4.0.0"
      }
    },
    "n3": {
      "version": "1.16.0",
      "requires": {
        "queue-microtask": "^1.1.2",
        "readable-stream": "^3.6.0"
      },
      "dependencies": {
        "readable-stream": {
          "version": "3.6.0",
          "requires": {
            "inherits": "^2.0.3",
            "string_decoder": "^1.1.1",
            "util-deprecate": "^1.0.1"
          }
        },
        "string_decoder": {
          "version": "1.3.0",
          "requires": {
            "safe-buffer": "~5.2.0"
          }
        }
      }
    },
    "node-fetch": {
      "version": "2.6.7",
      "requires": {
        "whatwg-url": "^5.0.0"
      }
    },
    "object-assign": {
      "version": "4.1.1",
      "resolved": "https://registry.npmjs.org/object-assign/-/object-assign-4.1.1.tgz",
      "integrity": "sha1-IQmtx5ZYh8/AXLvUQsrIv7s2CGM=",
      "peer": true
    },
    "pretty-format": {
      "version": "27.5.1",
      "resolved": "https://registry.npmjs.org/pretty-format/-/pretty-format-27.5.1.tgz",
      "integrity": "sha512-Qb1gy5OrP5+zDf2Bvnzdl3jsTf1qXVMazbvCoKhtKqVs4/YK4ozX4gKQJJVyNe+cajNPn0KoC0MC3FUmaHWEmQ==",
      "requires": {
        "ansi-regex": "^5.0.1",
        "ansi-styles": "^5.0.0",
        "react-is": "^17.0.1"
      },
      "dependencies": {
        "ansi-styles": {
          "version": "5.2.0",
          "resolved": "https://registry.npmjs.org/ansi-styles/-/ansi-styles-5.2.0.tgz",
          "integrity": "sha512-Cxwpt2SfTzTtXcfOlzGEee8O+c+MmUgGrNiBcXnuWxuFJHe6a5Hz7qwhwe5OgaSYI0IJvkLqWX1ASG+cJOkEiA=="
        }
      }
    },
    "queue-microtask": {
      "version": "1.2.3"
    },
    "randombytes": {
      "version": "2.1.0",
      "resolved": "https://registry.npmjs.org/randombytes/-/randombytes-2.1.0.tgz",
      "integrity": "sha512-vYl3iOX+4CKUWuxGi9Ukhie6fsqXqS9FE2Zaic4tNFD2N2QQaXOMFbuKK4QmDHC0JO6B1Zp41J0LpT0oR68amQ==",
      "requires": {
        "safe-buffer": "^5.1.0"
      }
    },
    "rdf-canonize": {
      "version": "3.0.0",
      "requires": {
        "setimmediate": "^1.0.5"
      }
    },
    "rdf-js": {
      "version": "4.0.2",
      "requires": {
        "@rdfjs/types": "*"
      }
    },
    "react": {
      "version": "17.0.2",
      "resolved": "https://registry.npmjs.org/react/-/react-17.0.2.tgz",
      "integrity": "sha512-gnhPt75i/dq/z3/6q/0asP78D0u592D5L1pd7M8P+dck6Fu/jJeL6iVVK23fptSUZj8Vjf++7wXA8UNclGQcbA==",
      "peer": true,
      "requires": {
        "loose-envify": "^1.1.0",
        "object-assign": "^4.1.1"
      }
    },
    "react-is": {
      "version": "17.0.2",
      "resolved": "https://registry.npmjs.org/react-is/-/react-is-17.0.2.tgz",
      "integrity": "sha512-w2GsyukL62IJnlaff/nRegPQR94C/XXamvMWmSHRJ4y7Ts/4ocGRmTHvOs8PSE6pB3dWOrD/nueuU5sduBsQ4w=="
    },
    "react-table": {
      "version": "7.7.0",
      "resolved": "https://registry.npmjs.org/react-table/-/react-table-7.7.0.tgz",
      "integrity": "sha512-jBlj70iBwOTvvImsU9t01LjFjy4sXEtclBovl3mTiqjz23Reu0DKnRza4zlLtOPACx6j2/7MrQIthIK1Wi+LIA==",
      "requires": {}
    },
    "safe-buffer": {
      "version": "5.2.1"
    },
    "serialize-javascript": {
      "version": "4.0.0",
      "resolved": "https://registry.npmjs.org/serialize-javascript/-/serialize-javascript-4.0.0.tgz",
      "integrity": "sha512-GaNA54380uFefWghODBWEGisLZFj00nS5ACs6yHa9nLqlLpVLO8ChDGeKRjZnV4Nh4n0Qi7nhYZD/9fCPzEqkw==",
      "requires": {
        "randombytes": "^2.1.0"
      }
    },
    "setimmediate": {
      "version": "1.0.5"
    },
    "stream": {
      "version": "0.0.2",
      "resolved": "https://registry.npmjs.org/stream/-/stream-0.0.2.tgz",
      "integrity": "sha1-f1Nj8Ff2WSxVlfALyAon9c7B8O8=",
      "requires": {
        "emitter-component": "^1.1.1"
      }
    },
    "supports-color": {
      "version": "7.2.0",
      "resolved": "https://registry.npmjs.org/supports-color/-/supports-color-7.2.0.tgz",
      "integrity": "sha512-qpCAvRl9stuOHveKsn7HncJRvv501qIacKzQlO/+Lwxc9+0q2wLyv4Dfvt80/DPn2pqOBsJdDiogXGR9+OvwRw==",
      "requires": {
        "has-flag": "^4.0.0"
      }
    },
    "swr": {
      "version": "0.5.7",
      "resolved": "https://registry.npmjs.org/swr/-/swr-0.5.7.tgz",
      "integrity": "sha512-Jh1Efgu8nWZV9rU4VLUMzBzcwaZgi4znqbVXvAtUy/0JzSiN6bNjLaJK8vhY/Rtp7a83dosz5YuehfBNwC/ZoQ==",
      "requires": {
        "dequal": "2.0.2"
      }
    },
    "tr46": {
      "version": "0.0.3"
    },
    "util-deprecate": {
      "version": "1.0.2"
    },
    "uuid": {
      "version": "8.3.2",
      "resolved": "https://registry.npmjs.org/uuid/-/uuid-8.3.2.tgz",
      "integrity": "sha512-+NYs2QeMWy+GWFOEm9xnn6HCDp0l7QBD7ml8zLUmJ+93Q5NF0NocErnwkTkXVFNiX3/fpC6afS8Dhb/gz7R7eg=="
    },
    "webidl-conversions": {
      "version": "3.0.1"
    },
    "whatwg-url": {
      "version": "5.0.0",
      "requires": {
        "tr46": "~0.0.3",
        "webidl-conversions": "^3.0.0"
      }
    }
  }
}
